lockfileVersion: '9.0'

settings:
  autoInstallPeers: true
  excludeLinksFromLockfile: false

importers:

  .:
    dependencies:
      '@vinejs/vine':
        specifier: ^4.1.0
        version: 4.1.0
    devDependencies:
      '@types/node':
        specifier: ^24.10.0
        version: 24.10.0
      typescript:
        specifier: ^5.9.3
        version: 5.9.3

packages:

  '@poppinss/macroable@1.1.0':
    resolution: {integrity: sha512-y/YKzZDuG8XrpXpM7Z1RdQpiIc0MAKyva24Ux1PB4aI7RiSI/79K8JVDcdyubriTm7vJ1LhFs8CrZpmPnx/8Pw==}

  '@standard-schema/spec@1.0.0':
    resolution: {integrity: sha512-m2bOd0f2RT9k8QJx1JN85cZYyH1RqFBdlwtkSlf4tBDYLCiiZnv1fIIwacK6cqwXavOydf0NPToMQgpKq+dVlA==}

  '@types/node@24.10.0':
    resolution: {integrity: sha512-qzQZRBqkFsYyaSWXuEHc2WR9c0a0CXwiE5FWUvn7ZM+vdy1uZLfCunD38UzhuB7YN/J11ndbDBcTmOdxJo9Q7A==}

  '@types/validator@13.15.4':
    resolution: {integrity: sha512-LSFfpSnJJY9wbC0LQxgvfb+ynbHftFo0tMsFOl/J4wexLnYMmDSPaj2ZyDv3TkfL1UePxPrxOWJfbiRS8mQv7A==}

  '@vinejs/compiler@4.1.1':
    resolution: {integrity: sha512-52k+YhWKSXaOkw3vUd7YzA70ycHp2JIwrgtljm0ZVZLFEtSK+LzDM9iSwDbtUBlXNSCamVTWrl5ZueTLi8f6SQ==}
    engines: {node: '>=18.0.0'}

  '@vinejs/vine@4.1.0':
    resolution: {integrity: sha512-B+pstmyJKmLEwEM51SADJ7gNABOgglRFd9nKi9Xm2gLXBVi093v3FU+toaUlZeBC5gHwQJFPm6Z6km4KTcv5sw==}
    engines: {node: '>=18.16.0'}

  camelcase@8.0.0:
    resolution: {integrity: sha512-8WB3Jcas3swSvjIeA2yvCJ+Miyz5l1ZmB6HFb9R1317dt9LCQoswg/BGrmAmkWVEszSrrg4RwmO46qIm2OEnSA==}
    engines: {node: '>=16'}

  dayjs@1.11.19:
    resolution: {integrity: sha512-t5EcLVS6QPBNqM2z8fakk/NKel+Xzshgt8FFKAn+qwlD1pzZWxh0nVCrvFK7ZDb6XucZeF9z8C7CBWTRIVApAw==}

  dlv@1.1.3:
    resolution: {integrity: sha512-+HlytyjlPKnIG8XuRG8WvmBP8xs8P71y+SKKS6ZXWoEgLuePxtDoUEiH7WkdePWrQ5JBpE6aoVqfZfJUQkjXwA==}

  normalize-url@8.1.0:
    resolution: {integrity: sha512-X06Mfd/5aKsRHc0O0J5CUedwnPmnDtLF2+nq+KN9KSDlJHkPuh0JUviWjEWMe0SW/9TDdSLVPuk7L5gGTIA1/w==}
    engines: {node: '>=14.16'}

  typescript@5.9.3:
    resolution: {integrity: sha512-jl1vZzPDinLr9eUt3J/t7V6FgNEw9QjvBPdysz9KfQDD41fQrC2Y4vKQdiaUpFT4bXlb1RHhLpp8wtm6M5TgSw==}
    engines: {node: '>=14.17'}
    hasBin: true

  undici-types@7.16.0:
    resolution: {integrity: sha512-Zz+aZWSj8LE6zoxD+xrjh4VfkIG8Ya6LvYkZqtUQGJPZjYl53ypCaUwWqo7eI0x66KBGeRo+mlBEkMSeSZ38Nw==}

  validator@13.15.20:
    resolution: {integrity: sha512-KxPOq3V2LmfQPP4eqf3Mq/zrT0Dqp2Vmx2Bn285LwVahLc+CsxOM0crBHczm8ijlcjZ0Q5Xd6LW3z3odTPnlrw==}
    engines: {node: '>= 0.10'}

snapshots:

  '@poppinss/macroable@1.1.0': {}

  '@standard-schema/spec@1.0.0': {}

  '@types/node@24.10.0':
    dependencies:
      undici-types: 7.16.0

  '@types/validator@13.15.4': {}

  '@vinejs/compiler@4.1.1': {}

  '@vinejs/vine@4.1.0':
    dependencies:
      '@poppinss/macroable': 1.1.0
      '@standard-schema/spec': 1.0.0
      '@types/validator': 13.15.4
      '@vinejs/compiler': 4.1.1
      camelcase: 8.0.0
      dayjs: 1.11.19
      dlv: 1.1.3
      normalize-url: 8.1.0
      validator: 13.15.20

  camelcase@8.0.0: {}

  dayjs@1.11.19: {}

  dlv@1.1.3: {}

  normalize-url@8.1.0: {}

  typescript@5.9.3: {}

  undici-types@7.16.0: {}

  validator@13.15.20: {}
